
Microsoft Visual Studio Solution File, Format Version 12.00
# Visual Studio Version 17
VisualStudioVersion = 17.5.002.0
MinimumVisualStudioVersion = 10.0.40219.1
Project("{9A19103F-16F7-4668-BE54-9A1E7A4F7556}") = "ep202410spam_cs", "ep202410spam_cs.csproj", "{1E35CE9C-BF58-47A2-B081-C31A7AF5B1AB}"
EndProject
Global
	GlobalSection(SolutionConfigurationPlatforms) = preSolution
		Debug|Any CPU = Debug|Any CPU
		Release|Any CPU = Release|Any CPU
	EndGlobalSection
	GlobalSection(ProjectConfigurationPlatforms) = postSolution
		{1E35CE9C-BF58-47A2-B081-C31A7AF5B1AB}.Debug|Any CPU.ActiveCfg = Debug|Any CPU
		{1E35CE9C-BF58-47A2-B081-C31A7AF5B1AB}.Debug|Any CPU.Build.0 = Debug|Any CPU
		{1E35CE9C-BF58-47A2-B081-C31A7AF5B1AB}.Release|Any CPU.ActiveCfg = Release|Any CPU
		{1E35CE9C-BF58-47A2-B081-C31A7AF5B1AB}.Release|Any CPU.Build.0 = Release|Any CPU
	EndGlobalSection
	GlobalSection(SolutionProperties) = preSolution
		HideSolutionNode = FALSE
	EndGlobalSection
	GlobalSection(ExtensibilityGlobals) = postSolution
		SolutionGuid = {A89115FA-EA1C-4FB7-95A0-40207A1E278D}
	EndGlobalSection
EndGlobal
